{
  "name": "goat-rpc",
  "lockfileVersion": 3,
  "requires": true,
  "packages": {
    "": {
      "workspaces": [
        "packages/*"
      ],
      "devDependencies": {
        "typescript": "5.5.2"
      }
    },
    "apps/bun": {
      "extraneous": true,
      "devDependencies": {
        "@types/bun": "latest"
      },
      "peerDependencies": {
        "typescript": "^5.0.0"
      }
    },
    "apps/server-bun": {
      "extraneous": true,
      "devDependencies": {
        "@goat-rpc/runtime": "*",
        "@types/bun": "latest"
      },
      "peerDependencies": {
        "typescript": "5.5.2"
      }
    },
    "common/client": {
      "name": "@goat-rpc/client",
      "version": "0.0.1",
      "extraneous": true,
      "license": "MIT"
    },
    "common/runtime": {
      "name": "@goat-rpc/runtime",
      "extraneous": true,
      "devDependencies": {
        "typescript": "5.5.2"
      }
    },
    "common/server": {
      "name": "@goat-rpc/server",
      "version": "0.0.1",
      "extraneous": true,
      "license": "MIT"
    },
    "cores/client": {
      "name": "@goat-rpc/client",
      "version": "0.0.1",
      "extraneous": true,
      "license": "MIT"
    },
    "cores/runtime": {
      "name": "@goat-rpc/runtime",
      "extraneous": true,
      "devDependencies": {
        "typescript": "5.5.2"
      }
    },
    "cores/server": {
      "name": "@goat-rpc/server",
      "version": "0.0.1",
      "extraneous": true,
      "license": "MIT"
    },
    "libs/client": {
      "name": "@goat-rpc/client",
      "version": "0.0.1",
      "extraneous": true,
      "license": "MIT"
    },
    "libs/runtime": {
      "extraneous": true,
      "devDependencies": {
        "typescript": "5.5.2"
      }
    },
    "libs/server": {
      "name": "@goat-rpc/server",
      "version": "0.0.1",
      "extraneous": true,
      "license": "MIT"
    },
    "node_modules/@goat-rpc/client": {
      "resolved": "packages/client-node",
      "link": true
    },
    "node_modules/@goat-rpc/runtime-bun": {
      "resolved": "packages/runtime-bun",
      "link": true
    },
    "node_modules/@goat-rpc/runtime-core": {
      "resolved": "packages/runtime-core",
      "link": true
    },
    "node_modules/@goat-rpc/runtime-node": {
      "resolved": "packages/runtime-node",
      "link": true
    },
    "node_modules/@goat-rpc/server": {
      "resolved": "packages/server-node",
      "link": true
    },
    "node_modules/@types/bun": {
      "version": "1.1.10",
      "resolved": "https://registry.npmjs.org/@types/bun/-/bun-1.1.10.tgz",
      "integrity": "sha512-76KYVSwrHwr9zsnk6oLXOGs9KvyBg3U066GLO4rk6JZk1ypEPGCUDZ5yOiESyIHWs9cx9iC8r01utYN32XdmgA==",
      "dev": true,
      "license": "MIT",
      "dependencies": {
        "bun-types": "1.1.29"
      }
    },
    "node_modules/@types/node": {
      "version": "20.12.14",
      "resolved": "https://registry.npmjs.org/@types/node/-/node-20.12.14.tgz",
      "integrity": "sha512-scnD59RpYD91xngrQQLGkE+6UrHUPzeKZWhhjBSa3HSkwjbQc38+q3RoIVEwxQGRw3M+j5hpNAM+lgV3cVormg==",
      "dev": true,
      "license": "MIT",
      "dependencies": {
        "undici-types": "~5.26.4"
      }
    },
    "node_modules/@types/ws": {
      "version": "8.5.12",
      "resolved": "https://registry.npmjs.org/@types/ws/-/ws-8.5.12.tgz",
      "integrity": "sha512-3tPRkv1EtkDpzlgyKyI8pGsGZAGPEaXeu0DOj5DI25Ja91bdAYddYHbADRYVrZMRbfW+1l5YwXVDKohDJNQxkQ==",
      "dev": true,
      "license": "MIT",
      "dependencies": {
        "@types/node": "*"
      }
    },
    "node_modules/bun-types": {
      "version": "1.1.29",
      "resolved": "https://registry.npmjs.org/bun-types/-/bun-types-1.1.29.tgz",
      "integrity": "sha512-En3/TzSPMPyl5UlUB1MHzHpcrZDakTm7mS203eLoX1fBoEa3PW+aSS8GAqVJ7Is/m34Z5ogL+ECniLY0uDaCPw==",
      "dev": true,
      "license": "MIT",
      "dependencies": {
        "@types/node": "~20.12.8",
        "@types/ws": "~8.5.10"
      }
    },
    "node_modules/typescript": {
      "version": "5.5.2",
      "resolved": "https://registry.npmjs.org/typescript/-/typescript-5.5.2.tgz",
      "integrity": "sha512-NcRtPEOsPFFWjobJEtfihkLCZCXZt/os3zf8nTxjVH3RvTSxjrCamJpbExGvYOF+tFHc3pA65qpdwPbzjohhew==",
      "license": "Apache-2.0",
      "bin": {
        "tsc": "bin/tsc",
        "tsserver": "bin/tsserver"
      },
      "engines": {
        "node": ">=14.17"
      }
    },
    "node_modules/undici-types": {
      "version": "5.26.5",
      "resolved": "https://registry.npmjs.org/undici-types/-/undici-types-5.26.5.tgz",
      "integrity": "sha512-JlCMO+ehdEIKqlFxk6IfVoAUVmgz7cU7zD/h9XZ0qzeosSHmUJVOzSQvvYSYWXkFXC+IfLKSIffhv0sVZup6pA==",
      "dev": true,
      "license": "MIT"
    },
    "packages/client-node": {
      "name": "@goat-rpc/client",
      "version": "0.0.1",
      "license": "MIT"
    },
    "packages/runtime": {
      "name": "@goat-rpc/runtime",
      "extraneous": true,
      "devDependencies": {
        "typescript": "5.5.2"
      }
    },
    "packages/runtime-bun": {
      "name": "@goat-rpc/runtime-bun",
      "devDependencies": {
        "@goat-rpc/runtime-core": "*",
        "@types/bun": "latest"
      },
      "peerDependencies": {
        "typescript": "5.5.2"
      }
    },
    "packages/runtime-core": {
      "name": "@goat-rpc/runtime-core",
      "devDependencies": {
        "typescript": "5.5.2"
      }
    },
    "packages/runtime-node": {
      "name": "@goat-rpc/runtime-node",
      "devDependencies": {
        "typescript": "5.5.2"
      }
    },
    "packages/server-node": {
      "name": "@goat-rpc/server",
      "version": "0.0.1",
      "license": "MIT"
    }
  }
}
